
Microsoft Visual Studio Solution File, Format Version 12.00
Project("{FAE04EC0-301F-11D3-BF4B-00C04F79EFBC}") = "UserWebApi", "UserWebApi\UserWebApi.csproj", "{C3587BAE-D880-430B-BC38-B5FB0BACCA99}"
EndProject
Global
	GlobalSection(SolutionConfigurationPlatforms) = preSolution
		Debug|Any CPU = Debug|Any CPU
		Release|Any CPU = Release|Any CPU
	EndGlobalSection
	GlobalSection(ProjectConfigurationPlatforms) = postSolution
		{C3587BAE-D880-430B-BC38-B5FB0BACCA99}.Debug|Any CPU.ActiveCfg = Debug|Any CPU
		{C3587BAE-D880-430B-BC38-B5FB0BACCA99}.Debug|Any CPU.Build.0 = Debug|Any CPU
		{C3587BAE-D880-430B-BC38-B5FB0BACCA99}.Release|Any CPU.ActiveCfg = Release|Any CPU
		{C3587BAE-D880-430B-BC38-B5FB0BACCA99}.Release|Any CPU.Build.0 = Release|Any CPU
	EndGlobalSection
EndGlobal
